{
  "name": "rest-client-worker",
  "version": "0.0.0-dev",
  "lockfileVersion": 3,
  "requires": true,
  "packages": {
    "": {
      "name": "rest-client-worker",
      "version": "0.0.0-dev",
      "license": "MIT",
      "devDependencies": {
        "@lvce-editor/extension-host-sub-worker": "^3.14.0"
      }
    },
    "node_modules/@lvce-editor/extension-host-sub-worker": {
      "version": "3.14.0",
      "resolved": "https://registry.npmjs.org/@lvce-editor/extension-host-sub-worker/-/extension-host-sub-worker-3.14.0.tgz",
      "integrity": "sha512-hMHJWTi/WqGN0vHqxuq3Cb0Ni2JMNqUQfZQ1j/m4bwHkZGLpmBXehFGRM7WysCpVoCIFVMtxcUmoOgL2r9TVfQ==",
      "dev": true,
      "license": "MIT",
      "engines": {
        "node": ">=18"
      }
    }
  }
}
